
Microsoft Visual Studio Solution File, Format Version 12.00
# Visual Studio Version 16
VisualStudioVersion = 16.0.30104.148
MinimumVisualStudioVersion = 10.0.40219.1
Project("{FAE04EC0-301F-11D3-BF4B-00C04F79EFBC}") = "SuperMapDemo", "SuperMapDemo\SuperMapDemo.csproj", "{96A49283-73CC-4867-8878-104534ABA29A}"
EndProject
Global
	GlobalSection(SolutionConfigurationPlatforms) = preSolution
		Debug|Any CPU = Debug|Any CPU
		Release|Any CPU = Release|Any CPU
	EndGlobalSection
	GlobalSection(ProjectConfigurationPlatforms) = postSolution
		{96A49283-73CC-4867-8878-104534ABA29A}.Debug|Any CPU.ActiveCfg = Debug|Any CPU
		{96A49283-73CC-4867-8878-104534ABA29A}.Debug|Any CPU.Build.0 = Debug|Any CPU
		{96A49283-73CC-4867-8878-104534ABA29A}.Release|Any CPU.ActiveCfg = Release|Any CPU
		{96A49283-73CC-4867-8878-104534ABA29A}.Release|Any CPU.Build.0 = Release|Any CPU
	EndGlobalSection
	GlobalSection(SolutionProperties) = preSolution
		HideSolutionNode = FALSE
	EndGlobalSection
	GlobalSection(ExtensibilityGlobals) = postSolution
		SolutionGuid = {9E240EA0-E8FA-4A07-AA6E-0D3A5E027A5B}
	EndGlobalSection
EndGlobal
